version: 1
files:
  locales\en.json:
    hero.title: 87145320d013f9fc1b947607b113d525
    hero.subtitle: 6b66b7969301fb4dd70e393ac121a95b
    hero.rotatingWords.0: c5f29bb36f9158d2e00f5d4dc213a0ff
    hero.rotatingWords.1: 2fae32629d4ef4fc6341f1751b405e45
    hero.rotatingWords.2: 83f1d9ca1a0c4c2fc51a371c0d773f76
    hero.learnMore: f5395c9793af8a11b406ca7c1ac70da9
    sections.howItWorks.title: b1dadcb41bd4b47f665ca07511f93ec8
    sections.howItWorks.description: 3f02ad17b3ea09961d6e341159750e82
    sections.howItWorks.features.monitoring.title: e518c0bdfe25b7d838652ea322d8b3e8
    sections.howItWorks.features.monitoring.description: b48aad4035688e5f22c5598643229b60
    sections.howItWorks.features.protection.title: 22359ef97a636902f382ccfc125084b4
    sections.howItWorks.features.protection.description: f712fb78a4004d58c2aacafa907767ce
    sections.howItWorks.features.privacy.title: 2f0e88ebd1e2acecba95860233045a82
    sections.howItWorks.features.privacy.description: 4a5f1e185a0c37209ade498d3ee85024
    cta.title: b16719408ecd97fdbbcf4fb35a627787
    cta.description: 5098723cf911ed9e8a6e9fb0ad1bef87
    cta.joinWaitlist: b50cb4635eaee8c293b3007ca41964b6
    cta.learnMore: f5395c9793af8a11b406ca7c1ac70da9
